PODS:
  - AFNetworking (3.0.4):
    - AFNetworking/NSURLSession (= 3.0.4)
    - AFNetworking/Reachability (= 3.0.4)
    - AFNetworking/Security (= 3.0.4)
    - AFNetworking/Serialization (= 3.0.4)
    - AFNetworking/UIKit (= 3.0.4)
  - AFNetworking/NSURLSession (3.0.4):
    - AFNetworking/Reachability
    - AFNetworking/Security
    - AFNetworking/Serialization
  - AFNetworking/Reachability (3.0.4)
  - AFNetworking/Security (3.0.4)
  - AFNetworking/Serialization (3.0.4)
  - AFNetworking/UIKit (3.0.4):
    - AFNetworking/NSURLSession
  - YYModel (0.9.12)

DEPENDENCIES:
  - AFNetworking (= 3.0.4)
  - YYModel (= 0.9.12)

SPEC CHECKSUMS:
  AFNetworking: a0075feb321559dc78d9d85b55d11caa19eabb93
  YYModel: 33a27f41a995f4c36ff8178421bac9f221a9c7ea

PODFILE CHECKSUM: dcbf6ce6e88993b0f4f41b48ae8ab9af89e5386a

COCOAPODS: 1.1.1
